
Microsoft Visual Studio Solution File, Format Version 12.00
# Visual Studio Version 16
VisualStudioVersion = 16.0.31729.503
MinimumVisualStudioVersion = 10.0.40219.1
Project("{2150E333-8FDC-42A3-9474-1A3956D46DE8}") = "Services", "Services", "{96EAFA3A-C9E7-4C4A-BAA3-4C02B9961BB7}"
EndProject
Project("{2150E333-8FDC-42A3-9474-1A3956D46DE8}") = "Catalog", "Catalog", "{AEEE8C88-DF0B-44DB-8B65-D8555BC40F96}"
EndProject
Project("{FAE04EC0-301F-11D3-BF4B-00C04F79EFBC}") = "Catalog.API", "Services\Catalog\Catalog\Catalog.API\Catalog.API.csproj", "{FF41D29F-CAE9-4A52-BDB2-F2798C7F3680}"
EndProject
Project("{E53339B2-1760-4266-BCC7-CA923CBCF16C}") = "docker-compose", "docker-compose.dcproj", "{28033CF2-2FED-4613-9428-34CBF4971EAF}"
EndProject
Global
	GlobalSection(SolutionConfigurationPlatforms) = preSolution
		Debug|Any CPU = Debug|Any CPU
		Release|Any CPU = Release|Any CPU
	EndGlobalSection
	GlobalSection(ProjectConfigurationPlatforms) = postSolution
		{FF41D29F-CAE9-4A52-BDB2-F2798C7F3680}.Debug|Any CPU.ActiveCfg = Debug|Any CPU
		{FF41D29F-CAE9-4A52-BDB2-F2798C7F3680}.Debug|Any CPU.Build.0 = Debug|Any CPU
		{FF41D29F-CAE9-4A52-BDB2-F2798C7F3680}.Release|Any CPU.ActiveCfg = Release|Any CPU
		{FF41D29F-CAE9-4A52-BDB2-F2798C7F3680}.Release|Any CPU.Build.0 = Release|Any CPU
		{28033CF2-2FED-4613-9428-34CBF4971EAF}.Debug|Any CPU.ActiveCfg = Debug|Any CPU
		{28033CF2-2FED-4613-9428-34CBF4971EAF}.Debug|Any CPU.Build.0 = Debug|Any CPU
		{28033CF2-2FED-4613-9428-34CBF4971EAF}.Release|Any CPU.ActiveCfg = Release|Any CPU
		{28033CF2-2FED-4613-9428-34CBF4971EAF}.Release|Any CPU.Build.0 = Release|Any CPU
	EndGlobalSection
	GlobalSection(SolutionProperties) = preSolution
		HideSolutionNode = FALSE
	EndGlobalSection
	GlobalSection(NestedProjects) = preSolution
		{AEEE8C88-DF0B-44DB-8B65-D8555BC40F96} = {96EAFA3A-C9E7-4C4A-BAA3-4C02B9961BB7}
		{FF41D29F-CAE9-4A52-BDB2-F2798C7F3680} = {AEEE8C88-DF0B-44DB-8B65-D8555BC40F96}
	EndGlobalSection
	GlobalSection(ExtensibilityGlobals) = postSolution
		SolutionGuid = {67D56C03-7663-47FD-A457-A4828B56CE39}
	EndGlobalSection
EndGlobal
